
Microsoft Visual Studio Solution File, Format Version 12.00
# Visual Studio Version 16
VisualStudioVersion = 16.0.29306.81
MinimumVisualStudioVersion = 10.0.40219.1
Project("{FAE04EC0-301F-11D3-BF4B-00C04F79EFBC}") = "Get a Number and Display the Sum of the Digits", "Get a Number and Display the Sum of the Digits\Get a Number and Display the Sum of the Digits.csproj", "{4484D1D8-F64B-4C0F-A7C9-BBAB17226CAD}"
EndProject
Global
	GlobalSection(SolutionConfigurationPlatforms) = preSolution
		Debug|Any CPU = Debug|Any CPU
		Release|Any CPU = Release|Any CPU
	EndGlobalSection
	GlobalSection(ProjectConfigurationPlatforms) = postSolution
		{4484D1D8-F64B-4C0F-A7C9-BBAB17226CAD}.Debug|Any CPU.ActiveCfg = Debug|Any CPU
		{4484D1D8-F64B-4C0F-A7C9-BBAB17226CAD}.Debug|Any CPU.Build.0 = Debug|Any CPU
		{4484D1D8-F64B-4C0F-A7C9-BBAB17226CAD}.Release|Any CPU.ActiveCfg = Release|Any CPU
		{4484D1D8-F64B-4C0F-A7C9-BBAB17226CAD}.Release|Any CPU.Build.0 = Release|Any CPU
	EndGlobalSection
	GlobalSection(SolutionProperties) = preSolution
		HideSolutionNode = FALSE
	EndGlobalSection
	GlobalSection(ExtensibilityGlobals) = postSolution
		SolutionGuid = {C46C73D5-FAD6-43B2-8E59-B1FDA5467C6A}
	EndGlobalSection
EndGlobal
